{
  "name": "chachkalica",
  "lockfileVersion": 3,
  "requires": true,
  "packages": {
    "": {
      "dependencies": {
        "@openai/codex": "^0.140.0",
        "0g": "^0.4.2"
      }
    },
    "node_modules/@a-type/utils": {
      "version": "1.1.0",
      "resolved": "https://registry.npmjs.org/@a-type/utils/-/utils-1.1.0.tgz",
      "integrity": "sha512-dwM1bl6XQaC/X9RZQUp0LDGQF70nn0QV6TFq/bKsjqlt8OEBGWlr++um4oigl2QMKkwzto9XwoBJ/D38IvROIQ==",
      "license": "ISC"
    },
    "node_modules/@openai/codex": {
      "version": "0.140.0",
      "resolved": "https://registry.npmjs.org/@openai/codex/-/codex-0.140.0.tgz",
      "integrity": "sha512-FMnN12kJzVPljMTYRydLCNgd0cXXmVasNSfq2PtS42RMEIxoQ3dHtMvmno35hu2tfwrKNAAPCm4s+2PaFTEBGg==",
      "license": "Apache-2.0",
      "bin": {
        "codex": "bin/codex.js"
      },
      "engines": {
        "node": ">=16"
      },
      "optionalDependencies": {
        "@openai/codex-darwin-arm64": "npm:@openai/codex@0.140.0-darwin-arm64",
        "@openai/codex-darwin-x64": "npm:@openai/codex@0.140.0-darwin-x64",
        "@openai/codex-linux-arm64": "npm:@openai/codex@0.140.0-linux-arm64",
        "@openai/codex-linux-x64": "npm:@openai/codex@0.140.0-linux-x64",
        "@openai/codex-win32-arm64": "npm:@openai/codex@0.140.0-win32-arm64",
        "@openai/codex-win32-x64": "npm:@openai/codex@0.140.0-win32-x64"
      }
    },
    "node_modules/@openai/codex-darwin-arm64": {
      "name": "@openai/codex",
      "version": "0.140.0-darwin-arm64",
      "resolved": "https://registry.npmjs.org/@openai/codex/-/codex-0.140.0-darwin-arm64.tgz",
      "integrity": "sha512-KDyQHsxdc8FHZKziSBXs82ABgben/8lLPdhi2Nu+wj6qs2RAp4k/IvE8foafVnp3OeGqhtEFbhlZp0H4Dg/Slg==",
      "cpu": [
        "arm64"
      ],
      "license": "Apache-2.0",
      "optional": true,
      "os": [
        "darwin"
      ],
      "engines": {
        "node": ">=16"
      }
    },
    "node_modules/@openai/codex-darwin-x64": {
      "name": "@openai/codex",
      "version": "0.140.0-darwin-x64",
      "resolved": "https://registry.npmjs.org/@openai/codex/-/codex-0.140.0-darwin-x64.tgz",
      "integrity": "sha512-xA77AcKbP8BKxKqaJz8bqXtU1dUtanEKpWCMJ68LuYU054EC31BD7NftFe5/vpLUQR95fhRr7V9a91SLtCuLAg==",
      "cpu": [
        "x64"
      ],
      "license": "Apache-2.0",
      "optional": true,
      "os": [
        "darwin"
      ],
      "engines": {
        "node": ">=16"
      }
    },
    "node_modules/@openai/codex-linux-arm64": {
      "name": "@openai/codex",
      "version": "0.140.0-linux-arm64",
      "resolved": "https://registry.npmjs.org/@openai/codex/-/codex-0.140.0-linux-arm64.tgz",
      "integrity": "sha512-rGOgWEONilm+pQoQgcGpPRzvnou1CawyBOe8gvtuS32PQ00Pn+9nZF4O7iKBVlNh6Jeun8kpdJSjFdULm2wr4A==",
      "cpu": [
        "arm64"
      ],
      "license": "Apache-2.0",
      "optional": true,
      "os": [
        "linux"
      ],
      "engines": {
        "node": ">=16"
      }
    },
    "node_modules/@openai/codex-linux-x64": {
      "name": "@openai/codex",
      "version": "0.140.0-linux-x64",
      "resolved": "https://registry.npmjs.org/@openai/codex/-/codex-0.140.0-linux-x64.tgz",
      "integrity": "sha512-7+N/cHB74nsDkOoL+VQVFVFRlfGj6GFSIAQHgs9DQIsvG+UdzWgUeeDE3l926taJqmzcP9NH8bysptKlZ2Ff6g==",
      "cpu": [
        "x64"
      ],
      "license": "Apache-2.0",
      "optional": true,
      "os": [
        "linux"
      ],
      "engines": {
        "node": ">=16"
      }
    },
    "node_modules/@openai/codex-win32-arm64": {
      "name": "@openai/codex",
      "version": "0.140.0-win32-arm64",
      "resolved": "https://registry.npmjs.org/@openai/codex/-/codex-0.140.0-win32-arm64.tgz",
      "integrity": "sha512-vs5Ed5OF+4671SZoO0MN5WoHl/K9aOSNzLgzbyyDyM7Jwm/PZYvF6OmIPRWf5AGatYqEOWt8Ovp5+df5PFPM7A==",
      "cpu": [
        "arm64"
      ],
      "license": "Apache-2.0",
      "optional": true,
      "os": [
        "win32"
      ],
      "engines": {
        "node": ">=16"
      }
    },
    "node_modules/@openai/codex-win32-x64": {
      "name": "@openai/codex",
      "version": "0.140.0-win32-x64",
      "resolved": "https://registry.npmjs.org/@openai/codex/-/codex-0.140.0-win32-x64.tgz",
      "integrity": "sha512-dP+nzd8UQ3Gdby+F5x0Sxd0hu6V9s6/cZYFsGtmmA6eCpU+IIu5tCOnUfgSu5HDw4BvXg046yd8Ihy5bOhwO4A==",
      "cpu": [
        "x64"
      ],
      "license": "Apache-2.0",
      "optional": true,
      "os": [
        "win32"
      ],
      "engines": {
        "node": ">=16"
      }
    },
    "node_modules/0g": {
      "version": "0.4.2",
      "resolved": "https://registry.npmjs.org/0g/-/0g-0.4.2.tgz",
      "integrity": "sha512-IIVL9Lttg8Oob9xEsGpZG0lYyzXFE3ViaAGAtGKVGM9xLRhyB/ZHEpI9cV1eGjeseIRVd3Y+Ycj3aEK+1CTTnw==",
      "license": "MIT",
      "dependencies": {
        "@a-type/utils": "1.1.0",
        "mnemonist": "0.39.8",
        "shortid": "^2.2.16"
      }
    },
    "node_modules/mnemonist": {
      "version": "0.39.8",
      "resolved": "https://registry.npmjs.org/mnemonist/-/mnemonist-0.39.8.tgz",
      "integrity": "sha512-vyWo2K3fjrUw8YeeZ1zF0fy6Mu59RHokURlld8ymdUPjMlD9EC9ov1/YPqTgqRvUN9nTr3Gqfz29LYAmu0PHPQ==",
      "license": "MIT",
      "dependencies": {
        "obliterator": "^2.0.1"
      }
    },
    "node_modules/nanoid": {
      "version": "3.3.12",
      "resolved": "https://registry.npmjs.org/nanoid/-/nanoid-3.3.12.tgz",
      "integrity": "sha512-ZB9RH/39qpq5Vu6Y+NmUaFhQR6pp+M2Xt76XBnEwDaGcVAqhlvxrl3B2bKS5D3NH3QR76v3aSrKaF/Kiy7lEtQ==",
      "funding": [
        {
          "type": "github",
          "url": "https://github.com/sponsors/ai"
        }
      ],
      "license": "MIT",
      "bin": {
        "nanoid": "bin/nanoid.cjs"
      },
      "engines": {
        "node": "^10 || ^12 || ^13.7 || ^14 || >=15.0.1"
      }
    },
    "node_modules/obliterator": {
      "version": "2.0.5",
      "resolved": "https://registry.npmjs.org/obliterator/-/obliterator-2.0.5.tgz",
      "integrity": "sha512-42CPE9AhahZRsMNslczq0ctAEtqk8Eka26QofnqC346BZdHDySk3LWka23LI7ULIw11NmltpiLagIq8gBozxTw==",
      "license": "MIT"
    },
    "node_modules/shortid": {
      "version": "2.2.17",
      "resolved": "https://registry.npmjs.org/shortid/-/shortid-2.2.17.tgz",
      "integrity": "sha512-GpbM3gLF1UUXZvQw6MCyulHkWbRseNO4cyBEZresZRorwl1+SLu1ZdqgVtuwqz8mB6RpwPkm541mYSqrKyJSaA==",
      "license": "MIT",
      "dependencies": {
        "nanoid": "^3.3.8"
      }
    }
  }
}
